// !$*UTF8*$!
{
	archiveVersion = 1;
	classes = {
	};
	objectVersion = 46;
	objects = {

/* Begin PBXBuildFile section */
		6D08A53B19E536FF00EE4BB7 /* Librarian.m in Sources */ = {isa = PBXBuildFile; fileRef = 6D08A53A19E536FF00EE4BB7 /* Librarian.m */; };
		6D08A53F19E5395500EE4BB7 /* PlainPDFDocument.m in Sources */ = {isa = PBXBuildFile; fileRef = 6D08A53E19E5395500EE4BB7 /* PlainPDFDocument.m */; };
		6D08A54219E5396F00EE4BB7 /* EncryptedPDFDocument.m in Sources */ = {isa = PBXBuildFile; fileRef = 6D08A54119E5396F00EE4BB7 /* EncryptedPDFDocument.m */; };
		6D08A54519E5460B00EE4BB7 /* Images.xcassets in Resources */ = {isa = PBXBuildFile; fileRef = 6D08A54419E5460B00EE4BB7 /* Images.xcassets */; };
		6D08A54719E5463300EE4BB7 /* BundledPDFs in Resources */ = {isa = PBXBuildFile; fileRef = 6D08A54619E5463300EE4BB7 /* BundledPDFs */; };
		6D08A54D19E5675300EE4BB7 /* Cryptor.m in Sources */ = {isa = PBXBuildFile; fileRef = 6D08A54C19E5675300EE4BB7 /* Cryptor.m */; };
		6D08A55119E5A94100EE4BB7 /* TemporaryStorageManager.m in Sources */ = {isa = PBXBuildFile; fileRef = 6D08A55019E5A94100EE4BB7 /* TemporaryStorageManager.m */; };
		6D08A55719E5B3EE00EE4BB7 /* NSFileManager+Utils.m in Sources */ = {isa = PBXBuildFile; fileRef = 6D08A55619E5B3EE00EE4BB7 /* NSFileManager+Utils.m */; };
		6D08A55B19E5BA2F00EE4BB7 /* LibraryViewController.m in Sources */ = {isa = PBXBuildFile; fileRef = 6D08A55A19E5BA2F00EE4BB7 /* LibraryViewController.m */; };
		6D08A55F19E5BEF000EE4BB7 /* PreviewViewController.m in Sources */ = {isa = PBXBuildFile; fileRef = 6D08A55E19E5BEF000EE4BB7 /* PreviewViewController.m */; };
		6D08A56419E5C03600EE4BB7 /* PageCollectionViewCell.m in Sources */ = {isa = PBXBuildFile; fileRef = 6D08A56319E5C03600EE4BB7 /* PageCollectionViewCell.m */; };
		6D2C478319E670F1002A06F9 /* PDFPage.m in Sources */ = {isa = PBXBuildFile; fileRef = 6D2C478219E670F1002A06F9 /* PDFPage.m */; };
		6D2C478719E67188002A06F9 /* Annotation.m in Sources */ = {isa = PBXBuildFile; fileRef = 6D2C478619E67188002A06F9 /* Annotation.m */; };
		6D2C478A19E67207002A06F9 /* SquiggleAnnotation.m in Sources */ = {isa = PBXBuildFile; fileRef = 6D2C478919E67207002A06F9 /* SquiggleAnnotation.m */; };
		6D2C478D19E6728A002A06F9 /* TextAnnotation.m in Sources */ = {isa = PBXBuildFile; fileRef = 6D2C478C19E6728A002A06F9 /* TextAnnotation.m */; };
		6D2C479019E672CE002A06F9 /* ImageAnnotation.m in Sources */ = {isa = PBXBuildFile; fileRef = 6D2C478F19E672CE002A06F9 /* ImageAnnotation.m */; };
		6D2C479419E698F9002A06F9 /* PDFRenderManager.m in Sources */ = {isa = PBXBuildFile; fileRef = 6D2C479319E698F9002A06F9 /* PDFRenderManager.m */; };
		6D2C479819E6D213002A06F9 /* AnnotatingViewController.m in Sources */ = {isa = PBXBuildFile; fileRef = 6D2C479719E6D213002A06F9 /* AnnotatingViewController.m */; };
		6D2C479B19E6D4A6002A06F9 /* SquiggleAnnotatingViewController.m in Sources */ = {isa = PBXBuildFile; fileRef = 6D2C479A19E6D4A6002A06F9 /* SquiggleAnnotatingViewController.m */; };
		6D2C479E19E6D4CA002A06F9 /* TextAnnotatingViewController.m in Sources */ = {isa = PBXBuildFile; fileRef = 6D2C479D19E6D4CA002A06F9 /* TextAnnotatingViewController.m */; };
		6D2C47A119E6D4D5002A06F9 /* ImageAnnotatingViewController.m in Sources */ = {isa = PBXBuildFile; fileRef = 6D2C47A019E6D4D5002A06F9 /* ImageAnnotatingViewController.m */; };
		6D4823D219E93BBE0086EADC /* ActivityIndicationOverlay.m in Sources */ = {isa = PBXBuildFile; fileRef = 6D4823D119E93BBE0086EADC /* ActivityIndicationOverlay.m */; };
		6D49CE4F19E6E03400F814CB /* AnnotatingViewController+Protected.m in Sources */ = {isa = PBXBuildFile; fileRef = 6D49CE4E19E6E03400F814CB /* AnnotatingViewController+Protected.m */; };
		6D49CE5319E6E6D200F814CB /* AnnotatedPageView.m in Sources */ = {isa = PBXBuildFile; fileRef = 6D49CE5219E6E6D200F814CB /* AnnotatedPageView.m */; };
		6DD1558919E2F777003A740C /* PDFunTests.m in Sources */ = {isa = PBXBuildFile; fileRef = 6DD1558819E2F777003A740C /* PDFunTests.m */; };
		6DD1559719E301EB003A740C /* AppDelegate.m in Sources */ = {isa = PBXBuildFile; fileRef = 6DD1559419E301EB003A740C /* AppDelegate.m */; };
		6DD1559919E301EB003A740C /* main.m in Sources */ = {isa = PBXBuildFile; fileRef = 6DD1559619E301EB003A740C /* main.m */; };
/* End PBXBuildFile section */

/* Begin PBXContainerItemProxy section */
		6DD1558319E2F777003A740C /* PBXContainerItemProxy */ = {
			isa = PBXContainerItemProxy;
			containerPortal = 6DD1556119E2F777003A740C /* Project object */;
			proxyType = 1;
			remoteGlobalIDString = 6DD1556819E2F777003A740C;
			remoteInfo = PDFun;
		};
/* End PBXContainerItemProxy section */

/* Begin PBXFileReference section */
		6D08A53519E5309A00EE4BB7 /* Globals.h */ = {isa = PBXFileReference; lastKnownFileType = sourcecode.c.h; path = Globals.h; sourceTree = "<group>"; };
		6D08A53919E536FF00EE4BB7 /* Librarian.h */ = {isa = PBXFileReference; fileEncoding = 4; lastKnownFileType = sourcecode.c.h; path = Librarian.h; sourceTree = "<group>"; };
		6D08A53A19E536FF00EE4BB7 /* Librarian.m */ = {isa = PBXFileReference; fileEncoding = 4; lastKnownFileType = sourcecode.c.objc; path = Librarian.m; sourceTree = "<group>"; };
		6D08A53C19E5383400EE4BB7 /* PDFDocument.h */ = {isa = PBXFileReference; lastKnownFileType = sourcecode.c.h; path = PDFDocument.h; sourceTree = "<group>"; };
		6D08A53D19E5395500EE4BB7 /* PlainPDFDocument.h */ = {isa = PBXFileReference; fileEncoding = 4; lastKnownFileType = sourcecode.c.h; path = PlainPDFDocument.h; sourceTree = "<group>"; };
		6D08A53E19E5395500EE4BB7 /* PlainPDFDocument.m */ = {isa = PBXFileReference; fileEncoding = 4; lastKnownFileType = sourcecode.c.objc; path = PlainPDFDocument.m; sourceTree = "<group>"; };
		6D08A54019E5396F00EE4BB7 /* EncryptedPDFDocument.h */ = {isa = PBXFileReference; fileEncoding = 4; lastKnownFileType = sourcecode.c.h; path = EncryptedPDFDocument.h; sourceTree = "<group>"; };
		6D08A54119E5396F00EE4BB7 /* EncryptedPDFDocument.m */ = {isa = PBXFileReference; fileEncoding = 4; lastKnownFileType = sourcecode.c.objc; path = EncryptedPDFDocument.m; sourceTree = "<group>"; };
		6D08A54419E5460B00EE4BB7 /* Images.xcassets */ = {isa = PBXFileReference; lastKnownFileType = folder.assetcatalog; path = Images.xcassets; sourceTree = "<group>"; };
		6D08A54619E5463300EE4BB7 /* BundledPDFs */ = {isa = PBXFileReference; lastKnownFileType = folder; path = BundledPDFs; sourceTree = "<group>"; };
		6D08A54B19E5675300EE4BB7 /* Cryptor.h */ = {isa = PBXFileReference; fileEncoding = 4; lastKnownFileType = sourcecode.c.h; path = Cryptor.h; sourceTree = "<group>"; };
		6D08A54C19E5675300EE4BB7 /* Cryptor.m */ = {isa = PBXFileReference; fileEncoding = 4; lastKnownFileType = sourcecode.c.objc; path = Cryptor.m; sourceTree = "<group>"; };
		6D08A54F19E5A94100EE4BB7 /* TemporaryStorageManager.h */ = {isa = PBXFileReference; fileEncoding = 4; lastKnownFileType = sourcecode.c.h; path = TemporaryStorageManager.h; sourceTree = "<group>"; };
		6D08A55019E5A94100EE4BB7 /* TemporaryStorageManager.m */ = {isa = PBXFileReference; fileEncoding = 4; lastKnownFileType = sourcecode.c.objc; path = TemporaryStorageManager.m; sourceTree = "<group>"; };
		6D08A55519E5B3EE00EE4BB7 /* NSFileManager+Utils.h */ = {isa = PBXFileReference; fileEncoding = 4; lastKnownFileType = sourcecode.c.h; path = "NSFileManager+Utils.h"; sourceTree = "<group>"; };
		6D08A55619E5B3EE00EE4BB7 /* NSFileManager+Utils.m */ = {isa = PBXFileReference; fileEncoding = 4; lastKnownFileType = sourcecode.c.objc; path = "NSFileManager+Utils.m"; sourceTree = "<group>"; };
		6D08A55919E5BA2E00EE4BB7 /* LibraryViewController.h */ = {isa = PBXFileReference; fileEncoding = 4; lastKnownFileType = sourcecode.c.h; path = LibraryViewController.h; sourceTree = "<group>"; };
		6D08A55A19E5BA2F00EE4BB7 /* LibraryViewController.m */ = {isa = PBXFileReference; fileEncoding = 4; lastKnownFileType = sourcecode.c.objc; path = LibraryViewController.m; sourceTree = "<group>"; };
		6D08A55D19E5BEF000EE4BB7 /* PreviewViewController.h */ = {isa = PBXFileReference; fileEncoding = 4; lastKnownFileType = sourcecode.c.h; path = PreviewViewController.h; sourceTree = "<group>"; };
		6D08A55E19E5BEF000EE4BB7 /* PreviewViewController.m */ = {isa = PBXFileReference; fileEncoding = 4; lastKnownFileType = sourcecode.c.objc; path = PreviewViewController.m; sourceTree = "<group>"; };
		6D08A56219E5C03600EE4BB7 /* PageCollectionViewCell.h */ = {isa = PBXFileReference; fileEncoding = 4; lastKnownFileType = sourcecode.c.h; path = PageCollectionViewCell.h; sourceTree = "<group>"; };
		6D08A56319E5C03600EE4BB7 /* PageCollectionViewCell.m */ = {isa = PBXFileReference; fileEncoding = 4; lastKnownFileType = sourcecode.c.objc; path = PageCollectionViewCell.m; sourceTree = "<group>"; };
		6D2C478119E670F1002A06F9 /* PDFPage.h */ = {isa = PBXFileReference; fileEncoding = 4; lastKnownFileType = sourcecode.c.h; path = PDFPage.h; sourceTree = "<group>"; };
		6D2C478219E670F1002A06F9 /* PDFPage.m */ = {isa = PBXFileReference; fileEncoding = 4; lastKnownFileType = sourcecode.c.objc; path = PDFPage.m; sourceTree = "<group>"; };
		6D2C478519E67188002A06F9 /* Annotation.h */ = {isa = PBXFileReference; fileEncoding = 4; lastKnownFileType = sourcecode.c.h; path = Annotation.h; sourceTree = "<group>"; };
		6D2C478619E67188002A06F9 /* Annotation.m */ = {isa = PBXFileReference; fileEncoding = 4; lastKnownFileType = sourcecode.c.objc; path = Annotation.m; sourceTree = "<group>"; };
		6D2C478819E67207002A06F9 /* SquiggleAnnotation.h */ = {isa = PBXFileReference; fileEncoding = 4; lastKnownFileType = sourcecode.c.h; path = SquiggleAnnotation.h; sourceTree = "<group>"; };
		6D2C478919E67207002A06F9 /* SquiggleAnnotation.m */ = {isa = PBXFileReference; fileEncoding = 4; lastKnownFileType = sourcecode.c.objc; path = SquiggleAnnotation.m; sourceTree = "<group>"; };
		6D2C478B19E6728A002A06F9 /* TextAnnotation.h */ = {isa = PBXFileReference; fileEncoding = 4; lastKnownFileType = sourcecode.c.h; path = TextAnnotation.h; sourceTree = "<group>"; };
		6D2C478C19E6728A002A06F9 /* TextAnnotation.m */ = {isa = PBXFileReference; fileEncoding = 4; lastKnownFileType = sourcecode.c.objc; path = TextAnnotation.m; sourceTree = "<group>"; };
		6D2C478E19E672CE002A06F9 /* ImageAnnotation.h */ = {isa = PBXFileReference; fileEncoding = 4; lastKnownFileType = sourcecode.c.h; path = ImageAnnotation.h; sourceTree = "<group>"; };
		6D2C478F19E672CE002A06F9 /* ImageAnnotation.m */ = {isa = PBXFileReference; fileEncoding = 4; lastKnownFileType = sourcecode.c.objc; path = ImageAnnotation.m; sourceTree = "<group>"; };
		6D2C479219E698F9002A06F9 /* PDFRenderManager.h */ = {isa = PBXFileReference; fileEncoding = 4; lastKnownFileType = sourcecode.c.h; path = PDFRenderManager.h; sourceTree = "<group>"; };
		6D2C479319E698F9002A06F9 /* PDFRenderManager.m */ = {isa = PBXFileReference; fileEncoding = 4; lastKnownFileType = sourcecode.c.objc; path = PDFRenderManager.m; sourceTree = "<group>"; };
		6D2C479619E6D213002A06F9 /* AnnotatingViewController.h */ = {isa = PBXFileReference; fileEncoding = 4; lastKnownFileType = sourcecode.c.h; path = AnnotatingViewController.h; sourceTree = "<group>"; };
		6D2C479719E6D213002A06F9 /* AnnotatingViewController.m */ = {isa = PBXFileReference; fileEncoding = 4; lastKnownFileType = sourcecode.c.objc; path = AnnotatingViewController.m; sourceTree = "<group>"; };
		6D2C479919E6D4A6002A06F9 /* SquiggleAnnotatingViewController.h */ = {isa = PBXFileReference; fileEncoding = 4; lastKnownFileType = sourcecode.c.h; path = SquiggleAnnotatingViewController.h; sourceTree = "<group>"; };
		6D2C479A19E6D4A6002A06F9 /* SquiggleAnnotatingViewController.m */ = {isa = PBXFileReference; fileEncoding = 4; lastKnownFileType = sourcecode.c.objc; path = SquiggleAnnotatingViewController.m; sourceTree = "<group>"; };
		6D2C479C19E6D4CA002A06F9 /* TextAnnotatingViewController.h */ = {isa = PBXFileReference; fileEncoding = 4; lastKnownFileType = sourcecode.c.h; path = TextAnnotatingViewController.h; sourceTree = "<group>"; };
		6D2C479D19E6D4CA002A06F9 /* TextAnnotatingViewController.m */ = {isa = PBXFileReference; fileEncoding = 4; lastKnownFileType = sourcecode.c.objc; path = TextAnnotatingViewController.m; sourceTree = "<group>"; };
		6D2C479F19E6D4D5002A06F9 /* ImageAnnotatingViewController.h */ = {isa = PBXFileReference; fileEncoding = 4; lastKnownFileType = sourcecode.c.h; path = ImageAnnotatingViewController.h; sourceTree = "<group>"; };
		6D2C47A019E6D4D5002A06F9 /* ImageAnnotatingViewController.m */ = {isa = PBXFileReference; fileEncoding = 4; lastKnownFileType = sourcecode.c.objc; path = ImageAnnotatingViewController.m; sourceTree = "<group>"; };
		6D4823D019E93BBE0086EADC /* ActivityIndicationOverlay.h */ = {isa = PBXFileReference; fileEncoding = 4; lastKnownFileType = sourcecode.c.h; path = ActivityIndicationOverlay.h; sourceTree = "<group>"; };
		6D4823D119E93BBE0086EADC /* ActivityIndicationOverlay.m */ = {isa = PBXFileReference; fileEncoding = 4; lastKnownFileType = sourcecode.c.objc; path = ActivityIndicationOverlay.m; sourceTree = "<group>"; };
		6D49CE4D19E6E03400F814CB /* AnnotatingViewController+Protected.h */ = {isa = PBXFileReference; fileEncoding = 4; lastKnownFileType = sourcecode.c.h; path = "AnnotatingViewController+Protected.h"; sourceTree = "<group>"; };
		6D49CE4E19E6E03400F814CB /* AnnotatingViewController+Protected.m */ = {isa = PBXFileReference; fileEncoding = 4; lastKnownFileType = sourcecode.c.objc; path = "AnnotatingViewController+Protected.m"; sourceTree = "<group>"; };
		6D49CE5119E6E6D200F814CB /* AnnotatedPageView.h */ = {isa = PBXFileReference; fileEncoding = 4; lastKnownFileType = sourcecode.c.h; path = AnnotatedPageView.h; sourceTree = "<group>"; };
		6D49CE5219E6E6D200F814CB /* AnnotatedPageView.m */ = {isa = PBXFileReference; fileEncoding = 4; lastKnownFileType = sourcecode.c.objc; path = AnnotatedPageView.m; sourceTree = "<group>"; };
		6DD1556919E2F777003A740C /* PDFun.app */ = {isa = PBXFileReference; explicitFileType = wrapper.application; includeInIndex = 0; path = PDFun.app; sourceTree = BUILT_PRODUCTS_DIR; };
		6DD1558219E2F777003A740C /* PDFunTests.xctest */ = {isa = PBXFileReference; explicitFileType = wrapper.cfbundle; includeInIndex = 0; path = PDFunTests.xctest; sourceTree = BUILT_PRODUCTS_DIR; };
		6DD1558719E2F777003A740C /* Info.plist */ = {isa = PBXFileReference; lastKnownFileType = text.plist.xml; path = Info.plist; sourceTree = "<group>"; };
		6DD1558819E2F777003A740C /* PDFunTests.m */ = {isa = PBXFileReference; lastKnownFileType = sourcecode.c.objc; path = PDFunTests.m; sourceTree = "<group>"; };
		6DD1559319E301EB003A740C /* AppDelegate.h */ = {isa = PBXFileReference; fileEncoding = 4; lastKnownFileType = sourcecode.c.h; path = AppDelegate.h; sourceTree = "<group>"; };
		6DD1559419E301EB003A740C /* AppDelegate.m */ = {isa = PBXFileReference; fileEncoding = 4; lastKnownFileType = sourcecode.c.objc; path = AppDelegate.m; sourceTree = "<group>"; };
		6DD1559519E301EB003A740C /* Info.plist */ = {isa = PBXFileReference; fileEncoding = 4; lastKnownFileType = text.plist.xml; path = Info.plist; sourceTree = "<group>"; };
		6DD1559619E301EB003A740C /* main.m */ = {isa = PBXFileReference; fileEncoding = 4; lastKnownFileType = sourcecode.c.objc; path = main.m; sourceTree = "<group>"; };
/* End PBXFileReference section */

/* Begin PBXFrameworksBuildPhase section */
		6DD1556619E2F777003A740C /* Frameworks */ = {
			isa = PBXFrameworksBuildPhase;
			buildActionMask = 2147483647;
			files = (
			);
			runOnlyForDeploymentPostprocessing = 0;
		};
		6DD1557F19E2F777003A740C /* Frameworks */ = {
			isa = PBXFrameworksBuildPhase;
			buildActionMask = 2147483647;
			files = (
			);
			runOnlyForDeploymentPostprocessing = 0;
		};
/* End PBXFrameworksBuildPhase section */

/* Begin PBXGroup section */
		6D08A52E19E52AE900EE4BB7 /* Interface */ = {
			isa = PBXGroup;
			children = (
				6D08A52F19E52AE900EE4BB7 /* ViewControllers */,
				6D08A53019E52AE900EE4BB7 /* Views */,
			);
			path = Interface;
			sourceTree = "<group>";
		};
		6D08A52F19E52AE900EE4BB7 /* ViewControllers */ = {
			isa = PBXGroup;
			children = (
				6D2C479519E6D1FC002A06F9 /* Annotating */,
				6D08A55819E5BA2E00EE4BB7 /* Library */,
				6D08A55C19E5BEDE00EE4BB7 /* Preview */,
			);
			path = ViewControllers;
			sourceTree = "<group>";
		};
		6D08A53019E52AE900EE4BB7 /* Views */ = {
			isa = PBXGroup;
			children = (
				6D4823CF19E93BAF0086EADC /* ActivityIndicationOverlay */,
				6D49CE5019E6E6AF00F814CB /* Annotating */,
				6D08A56019E5C01C00EE4BB7 /* Preview */,
			);
			path = Views;
			sourceTree = "<group>";
		};
		6D08A53419E5303700EE4BB7 /* Utility */ = {
			isa = PBXGroup;
			children = (
				6D08A53519E5309A00EE4BB7 /* Globals.h */,
			);
			path = Utility;
			sourceTree = "<group>";
		};
		6D08A53619E536E800EE4BB7 /* DataCore */ = {
			isa = PBXGroup;
			children = (
				6D2C478419E6717C002A06F9 /* Annotation */,
				6D08A54A19E5674800EE4BB7 /* Cryptor */,
				6D08A53719E536E800EE4BB7 /* Librarian */,
				6D08A53819E536E800EE4BB7 /* PDFDocument */,
				6D2C478019E670E1002A06F9 /* PDFPage */,
				6D2C479119E698E9002A06F9 /* PDFRenderManager */,
				6D08A54E19E5A92F00EE4BB7 /* TemporaryStorageManager */,
			);
			path = DataCore;
			sourceTree = "<group>";
		};
		6D08A53719E536E800EE4BB7 /* Librarian */ = {
			isa = PBXGroup;
			children = (
				6D08A53919E536FF00EE4BB7 /* Librarian.h */,
				6D08A53A19E536FF00EE4BB7 /* Librarian.m */,
			);
			path = Librarian;
			sourceTree = "<group>";
		};
		6D08A53819E536E800EE4BB7 /* PDFDocument */ = {
			isa = PBXGroup;
			children = (
				6D08A53C19E5383400EE4BB7 /* PDFDocument.h */,
				6D08A53D19E5395500EE4BB7 /* PlainPDFDocument.h */,
				6D08A53E19E5395500EE4BB7 /* PlainPDFDocument.m */,
				6D08A54019E5396F00EE4BB7 /* EncryptedPDFDocument.h */,
				6D08A54119E5396F00EE4BB7 /* EncryptedPDFDocument.m */,
			);
			path = PDFDocument;
			sourceTree = "<group>";
		};
		6D08A54319E5460B00EE4BB7 /* Resources */ = {
			isa = PBXGroup;
			children = (
				6D08A54619E5463300EE4BB7 /* BundledPDFs */,
				6D08A54419E5460B00EE4BB7 /* Images.xcassets */,
			);
			path = Resources;
			sourceTree = "<group>";
		};
		6D08A54A19E5674800EE4BB7 /* Cryptor */ = {
			isa = PBXGroup;
			children = (
				6D08A54B19E5675300EE4BB7 /* Cryptor.h */,
				6D08A54C19E5675300EE4BB7 /* Cryptor.m */,
			);
			path = Cryptor;
			sourceTree = "<group>";
		};
		6D08A54E19E5A92F00EE4BB7 /* TemporaryStorageManager */ = {
			isa = PBXGroup;
			children = (
				6D08A54F19E5A94100EE4BB7 /* TemporaryStorageManager.h */,
				6D08A55019E5A94100EE4BB7 /* TemporaryStorageManager.m */,
			);
			name = TemporaryStorageManager;
			path = PDFun/DataCore/TemporaryStorageManager;
			sourceTree = SOURCE_ROOT;
		};
		6D08A55419E5B3E000EE4BB7 /* Extensions */ = {
			isa = PBXGroup;
			children = (
				6D08A55519E5B3EE00EE4BB7 /* NSFileManager+Utils.h */,
				6D08A55619E5B3EE00EE4BB7 /* NSFileManager+Utils.m */,
			);
			path = Extensions;
			sourceTree = "<group>";
		};
		6D08A55819E5BA2E00EE4BB7 /* Library */ = {
			isa = PBXGroup;
			children = (
				6D08A55919E5BA2E00EE4BB7 /* LibraryViewController.h */,
				6D08A55A19E5BA2F00EE4BB7 /* LibraryViewController.m */,
			);
			path = Library;
			sourceTree = "<group>";
		};
		6D08A55C19E5BEDE00EE4BB7 /* Preview */ = {
			isa = PBXGroup;
			children = (
				6D08A55D19E5BEF000EE4BB7 /* PreviewViewController.h */,
				6D08A55E19E5BEF000EE4BB7 /* PreviewViewController.m */,
			);
			path = Preview;
			sourceTree = "<group>";
		};
		6D08A56019E5C01C00EE4BB7 /* Preview */ = {
			isa = PBXGroup;
			children = (
				6D08A56119E5C01C00EE4BB7 /* PageCollectionViewCell */,
			);
			path = Preview;
			sourceTree = "<group>";
		};
		6D08A56119E5C01C00EE4BB7 /* PageCollectionViewCell */ = {
			isa = PBXGroup;
			children = (
				6D08A56219E5C03600EE4BB7 /* PageCollectionViewCell.h */,
				6D08A56319E5C03600EE4BB7 /* PageCollectionViewCell.m */,
			);
			path = PageCollectionViewCell;
			sourceTree = "<group>";
		};
		6D2C478019E670E1002A06F9 /* PDFPage */ = {
			isa = PBXGroup;
			children = (
				6D2C478119E670F1002A06F9 /* PDFPage.h */,
				6D2C478219E670F1002A06F9 /* PDFPage.m */,
			);
			path = PDFPage;
			sourceTree = "<group>";
		};
		6D2C478419E6717C002A06F9 /* Annotation */ = {
			isa = PBXGroup;
			children = (
				6D2C478519E67188002A06F9 /* Annotation.h */,
				6D2C478619E67188002A06F9 /* Annotation.m */,
				6D2C478819E67207002A06F9 /* SquiggleAnnotation.h */,
				6D2C478919E67207002A06F9 /* SquiggleAnnotation.m */,
				6D2C478B19E6728A002A06F9 /* TextAnnotation.h */,
				6D2C478C19E6728A002A06F9 /* TextAnnotation.m */,
				6D2C478E19E672CE002A06F9 /* ImageAnnotation.h */,
				6D2C478F19E672CE002A06F9 /* ImageAnnotation.m */,
			);
			path = Annotation;
			sourceTree = "<group>";
		};
		6D2C479119E698E9002A06F9 /* PDFRenderManager */ = {
			isa = PBXGroup;
			children = (
				6D2C479219E698F9002A06F9 /* PDFRenderManager.h */,
				6D2C479319E698F9002A06F9 /* PDFRenderManager.m */,
			);
			path = PDFRenderManager;
			sourceTree = "<group>";
		};
		6D2C479519E6D1FC002A06F9 /* Annotating */ = {
			isa = PBXGroup;
			children = (
				6D2C479619E6D213002A06F9 /* AnnotatingViewController.h */,
				6D2C479719E6D213002A06F9 /* AnnotatingViewController.m */,
				6D49CE4D19E6E03400F814CB /* AnnotatingViewController+Protected.h */,
				6D49CE4E19E6E03400F814CB /* AnnotatingViewController+Protected.m */,
				6D2C479919E6D4A6002A06F9 /* SquiggleAnnotatingViewController.h */,
				6D2C479A19E6D4A6002A06F9 /* SquiggleAnnotatingViewController.m */,
				6D2C479C19E6D4CA002A06F9 /* TextAnnotatingViewController.h */,
				6D2C479D19E6D4CA002A06F9 /* TextAnnotatingViewController.m */,
				6D2C479F19E6D4D5002A06F9 /* ImageAnnotatingViewController.h */,
				6D2C47A019E6D4D5002A06F9 /* ImageAnnotatingViewController.m */,
			);
			path = Annotating;
			sourceTree = "<group>";
		};
		6D4823CF19E93BAF0086EADC /* ActivityIndicationOverlay */ = {
			isa = PBXGroup;
			children = (
				6D4823D019E93BBE0086EADC /* ActivityIndicationOverlay.h */,
				6D4823D119E93BBE0086EADC /* ActivityIndicationOverlay.m */,
			);
			path = ActivityIndicationOverlay;
			sourceTree = "<group>";
		};
		6D49CE5019E6E6AF00F814CB /* Annotating */ = {
			isa = PBXGroup;
			children = (
				6D49CE5119E6E6D200F814CB /* AnnotatedPageView.h */,
				6D49CE5219E6E6D200F814CB /* AnnotatedPageView.m */,
			);
			path = Annotating;
			sourceTree = "<group>";
		};
		6DD1556019E2F777003A740C = {
			isa = PBXGroup;
			children = (
				6DD1556B19E2F777003A740C /* PDFun */,
				6DD1558519E2F777003A740C /* PDFunTests */,
				6DD1556A19E2F777003A740C /* Products */,
			);
			sourceTree = "<group>";
		};
		6DD1556A19E2F777003A740C /* Products */ = {
			isa = PBXGroup;
			children = (
				6DD1556919E2F777003A740C /* PDFun.app */,
				6DD1558219E2F777003A740C /* PDFunTests.xctest */,
			);
			name = Products;
			sourceTree = "<group>";
		};
		6DD1556B19E2F777003A740C /* PDFun */ = {
			isa = PBXGroup;
			children = (
				6D08A53619E536E800EE4BB7 /* DataCore */,
				6D08A55419E5B3E000EE4BB7 /* Extensions */,
				6D08A52E19E52AE900EE4BB7 /* Interface */,
				6D08A53419E5303700EE4BB7 /* Utility */,
				6DD1559219E301EB003A740C /* Supporting Files */,
				6D08A54319E5460B00EE4BB7 /* Resources */,
			);
			path = PDFun;
			sourceTree = "<group>";
		};
		6DD1558519E2F777003A740C /* PDFunTests */ = {
			isa = PBXGroup;
			children = (
				6DD1558819E2F777003A740C /* PDFunTests.m */,
				6DD1558619E2F777003A740C /* Supporting Files */,
			);
			path = PDFunTests;
			sourceTree = "<group>";
		};
		6DD1558619E2F777003A740C /* Supporting Files */ = {
			isa = PBXGroup;
			children = (
				6DD1558719E2F777003A740C /* Info.plist */,
			);
			name = "Supporting Files";
			sourceTree = "<group>";
		};
		6DD1559219E301EB003A740C /* Supporting Files */ = {
			isa = PBXGroup;
			children = (
				6DD1559319E301EB003A740C /* AppDelegate.h */,
				6DD1559419E301EB003A740C /* AppDelegate.m */,
				6DD1559519E301EB003A740C /* Info.plist */,
				6DD1559619E301EB003A740C /* main.m */,
			);
			path = "Supporting Files";
			sourceTree = "<group>";
		};
/* End PBXGroup section */

/* Begin PBXNativeTarget section */
		6DD1556819E2F777003A740C /* PDFun */ = {
			isa = PBXNativeTarget;
			buildConfigurationList = 6DD1558C19E2F777003A740C /* Build configuration list for PBXNativeTarget "PDFun" */;
			buildPhases = (
				6DD1556519E2F777003A740C /* Sources */,
				6DD1556619E2F777003A740C /* Frameworks */,
				6DD1556719E2F777003A740C /* Resources */,
			);
			buildRules = (
			);
			dependencies = (
			);
			name = PDFun;
			productName = PDFun;
			productReference = 6DD1556919E2F777003A740C /* PDFun.app */;
			productType = "com.apple.product-type.application";
		};
		6DD1558119E2F777003A740C /* PDFunTests */ = {
			isa = PBXNativeTarget;
			buildConfigurationList = 6DD1558F19E2F777003A740C /* Build configuration list for PBXNativeTarget "PDFunTests" */;
			buildPhases = (
				6DD1557E19E2F777003A740C /* Sources */,
				6DD1557F19E2F777003A740C /* Frameworks */,
				6DD1558019E2F777003A740C /* Resources */,
			);
			buildRules = (
			);
			dependencies = (
				6DD1558419E2F777003A740C /* PBXTargetDependency */,
			);
			name = PDFunTests;
			productName = PDFunTests;
			productReference = 6DD1558219E2F777003A740C /* PDFunTests.xctest */;
			productType = "com.apple.product-type.bundle.unit-test";
		};
/* End PBXNativeTarget section */

/* Begin PBXProject section */
		6DD1556119E2F777003A740C /* Project object */ = {
			isa = PBXProject;
			attributes = {
				LastUpgradeCheck = 0600;
				ORGANIZATIONNAME = DiddlyDoo;
				TargetAttributes = {
					6DD1556819E2F777003A740C = {
						CreatedOnToolsVersion = 6.0.1;
					};
					6DD1558119E2F777003A740C = {
						CreatedOnToolsVersion = 6.0.1;
						TestTargetID = 6DD1556819E2F777003A740C;
					};
				};
			};
			buildConfigurationList = 6DD1556419E2F777003A740C /* Build configuration list for PBXProject "PDFun" */;
			compatibilityVersion = "Xcode 3.2";
			developmentRegion = English;
			hasScannedForEncodings = 0;
			knownRegions = (
				en,
				Base,
			);
			mainGroup = 6DD1556019E2F777003A740C;
			productRefGroup = 6DD1556A19E2F777003A740C /* Products */;
			projectDirPath = "";
			projectRoot = "";
			targets = (
				6DD1556819E2F777003A740C /* PDFun */,
				6DD1558119E2F777003A740C /* PDFunTests */,
			);
		};
/* End PBXProject section */

/* Begin PBXResourcesBuildPhase section */
		6DD1556719E2F777003A740C /* Resources */ = {
			isa = PBXResourcesBuildPhase;
			buildActionMask = 2147483647;
			files = (
				6D08A54519E5460B00EE4BB7 /* Images.xcassets in Resources */,
				6D08A54719E5463300EE4BB7 /* BundledPDFs in Resources */,
			);
			runOnlyForDeploymentPostprocessing = 0;
		};
		6DD1558019E2F777003A740C /* Resources */ = {
			isa = PBXResourcesBuildPhase;
			buildActionMask = 2147483647;
			files = (
			);
			runOnlyForDeploymentPostprocessing = 0;
		};
/* End PBXResourcesBuildPhase section */

/* Begin PBXSourcesBuildPhase section */
		6DD1556519E2F777003A740C /* Sources */ = {
			isa = PBXSourcesBuildPhase;
			buildActionMask = 2147483647;
			files = (
				6D08A56419E5C03600EE4BB7 /* PageCollectionViewCell.m in Sources */,
				6D08A55719E5B3EE00EE4BB7 /* NSFileManager+Utils.m in Sources */,
				6DD1559919E301EB003A740C /* main.m in Sources */,
				6D08A54219E5396F00EE4BB7 /* EncryptedPDFDocument.m in Sources */,
				6D2C478D19E6728A002A06F9 /* TextAnnotation.m in Sources */,
				6D2C478719E67188002A06F9 /* Annotation.m in Sources */,
				6D08A55B19E5BA2F00EE4BB7 /* LibraryViewController.m in Sources */,
				6D08A53F19E5395500EE4BB7 /* PlainPDFDocument.m in Sources */,
				6D2C479B19E6D4A6002A06F9 /* SquiggleAnnotatingViewController.m in Sources */,
				6D08A53B19E536FF00EE4BB7 /* Librarian.m in Sources */,
				6D2C478319E670F1002A06F9 /* PDFPage.m in Sources */,
				6D2C479419E698F9002A06F9 /* PDFRenderManager.m in Sources */,
				6D2C479819E6D213002A06F9 /* AnnotatingViewController.m in Sources */,
				6D2C479019E672CE002A06F9 /* ImageAnnotation.m in Sources */,
				6D2C478A19E67207002A06F9 /* SquiggleAnnotation.m in Sources */,
				6D08A54D19E5675300EE4BB7 /* Cryptor.m in Sources */,
				6D2C47A119E6D4D5002A06F9 /* ImageAnnotatingViewController.m in Sources */,
				6D2C479E19E6D4CA002A06F9 /* TextAnnotatingViewController.m in Sources */,
				6D49CE4F19E6E03400F814CB /* AnnotatingViewController+Protected.m in Sources */,
				6D08A55F19E5BEF000EE4BB7 /* PreviewViewController.m in Sources */,
				6DD1559719E301EB003A740C /* AppDelegate.m in Sources */,
				6D08A55119E5A94100EE4BB7 /* TemporaryStorageManager.m in Sources */,
				6D49CE5319E6E6D200F814CB /* AnnotatedPageView.m in Sources */,
				6D4823D219E93BBE0086EADC /* ActivityIndicationOverlay.m in Sources */,
			);
			runOnlyForDeploymentPostprocessing = 0;
		};
		6DD1557E19E2F777003A740C /* Sources */ = {
			isa = PBXSourcesBuildPhase;
			buildActionMask = 2147483647;
			files = (
				6DD1558919E2F777003A740C /* PDFunTests.m in Sources */,
			);
			runOnlyForDeploymentPostprocessing = 0;
		};
/* End PBXSourcesBuildPhase section */

/* Begin PBXTargetDependency section */
		6DD1558419E2F777003A740C /* PBXTargetDependency */ = {
			isa = PBXTargetDependency;
			target = 6DD1556819E2F777003A740C /* PDFun */;
			targetProxy = 6DD1558319E2F777003A740C /* PBXContainerItemProxy */;
		};
/* End PBXTargetDependency section */

/* Begin XCBuildConfiguration section */
		6DD1558A19E2F777003A740C /* Debug */ = {
			isa = XCBuildConfiguration;
			buildSettings = {
				ALWAYS_SEARCH_USER_PATHS = NO;
				CLANG_CXX_LANGUAGE_STANDARD = "gnu++0x";
				CLANG_CXX_LIBRARY = "libc++";
				CLANG_ENABLE_MODULES = YES;
				CLANG_ENABLE_OBJC_ARC = YES;
				CLANG_WARN_BOOL_CONVERSION = YES;
				CLANG_WARN_CONSTANT_CONVERSION = YES;
				CLANG_WARN_DIRECT_OBJC_ISA_USAGE = YES_ERROR;
				CLANG_WARN_EMPTY_BODY = YES;
				CLANG_WARN_ENUM_CONVERSION = YES;
				CLANG_WARN_INT_CONVERSION = YES;
				CLANG_WARN_OBJC_ROOT_CLASS = YES_ERROR;
				CLANG_WARN_UNREACHABLE_CODE = YES;
				CLANG_WARN__DUPLICATE_METHOD_MATCH = YES;
				"CODE_SIGN_IDENTITY[sdk=iphoneos*]" = "iPhone Developer";
				COPY_PHASE_STRIP = NO;
				ENABLE_STRICT_OBJC_MSGSEND = YES;
				GCC_C_LANGUAGE_STANDARD = gnu99;
				GCC_DYNAMIC_NO_PIC = NO;
				GCC_OPTIMIZATION_LEVEL = 0;
				GCC_PREPROCESSOR_DEFINITIONS = (
					"DEBUG=1",
					"$(inherited)",
				);
				GCC_SYMBOLS_PRIVATE_EXTERN = NO;
				GCC_WARN_64_TO_32_BIT_CONVERSION = YES;
				GCC_WARN_ABOUT_RETURN_TYPE = YES_ERROR;
				GCC_WARN_UNDECLARED_SELECTOR = YES;
				GCC_WARN_UNINITIALIZED_AUTOS = YES_AGGRESSIVE;
				GCC_WARN_UNUSED_FUNCTION = YES;
				GCC_WARN_UNUSED_VARIABLE = YES;
				IPHONEOS_DEPLOYMENT_TARGET = 8.0;
				MTL_ENABLE_DEBUG_INFO = YES;
				ONLY_ACTIVE_ARCH = YES;
				SDKROOT = iphoneos;
			};
			name = Debug;
		};
		6DD1558B19E2F777003A740C /* Release */ = {
			isa = XCBuildConfiguration;
			buildSettings = {
				ALWAYS_SEARCH_USER_PATHS = NO;
				CLANG_CXX_LANGUAGE_STANDARD = "gnu++0x";
				CLANG_CXX_LIBRARY = "libc++";
				CLANG_ENABLE_MODULES = YES;
				CLANG_ENABLE_OBJC_ARC = YES;
				CLANG_WARN_BOOL_CONVERSION = YES;
				CLANG_WARN_CONSTANT_CONVERSION = YES;
				CLANG_WARN_DIRECT_OBJC_ISA_USAGE = YES_ERROR;
				CLANG_WARN_EMPTY_BODY = YES;
				CLANG_WARN_ENUM_CONVERSION = YES;
				CLANG_WARN_INT_CONVERSION = YES;
				CLANG_WARN_OBJC_ROOT_CLASS = YES_ERROR;
				CLANG_WARN_UNREACHABLE_CODE = YES;
				CLANG_WARN__DUPLICATE_METHOD_MATCH = YES;
				"CODE_SIGN_IDENTITY[sdk=iphoneos*]" = "iPhone Developer";
				COPY_PHASE_STRIP = YES;
				ENABLE_NS_ASSERTIONS = NO;
				ENABLE_STRICT_OBJC_MSGSEND = YES;
				GCC_C_LANGUAGE_STANDARD = gnu99;
				GCC_WARN_64_TO_32_BIT_CONVERSION = YES;
				GCC_WARN_ABOUT_RETURN_TYPE = YES_ERROR;
				GCC_WARN_UNDECLARED_SELECTOR = YES;
				GCC_WARN_UNINITIALIZED_AUTOS = YES_AGGRESSIVE;
				GCC_WARN_UNUSED_FUNCTION = YES;
				GCC_WARN_UNUSED_VARIABLE = YES;
				IPHONEOS_DEPLOYMENT_TARGET = 8.0;
				MTL_ENABLE_DEBUG_INFO = NO;
				SDKROOT = iphoneos;
				VALIDATE_PRODUCT = YES;
			};
			name = Release;
		};
		6DD1558D19E2F777003A740C /* Debug */ = {
			isa = XCBuildConfiguration;
			buildSettings = {
				ASSETCATALOG_COMPILER_APPICON_NAME = AppIcon;
				ASSETCATALOG_COMPILER_LAUNCHIMAGE_NAME = LaunchImage;
				INFOPLIST_FILE = "$(SRCROOT)/PDFun/Supporting Files/Info.plist";
				IPHONEOS_DEPLOYMENT_TARGET = 7.0;
				LD_RUNPATH_SEARCH_PATHS = "$(inherited) @executable_path/Frameworks";
				PRODUCT_NAME = "$(TARGET_NAME)";
			};
			name = Debug;
		};
		6DD1558E19E2F777003A740C /* Release */ = {
			isa = XCBuildConfiguration;
			buildSettings = {
				ASSETCATALOG_COMPILER_APPICON_NAME = AppIcon;
				ASSETCATALOG_COMPILER_LAUNCHIMAGE_NAME = LaunchImage;
				INFOPLIST_FILE = "$(SRCROOT)/PDFun/Supporting Files/Info.plist";
				IPHONEOS_DEPLOYMENT_TARGET = 7.0;
				LD_RUNPATH_SEARCH_PATHS = "$(inherited) @executable_path/Frameworks";
				PRODUCT_NAME = "$(TARGET_NAME)";
			};
			name = Release;
		};
		6DD1559019E2F777003A740C /* Debug */ = {
			isa = XCBuildConfiguration;
			buildSettings = {
				BUNDLE_LOADER = "$(TEST_HOST)";
				FRAMEWORK_SEARCH_PATHS = (
					"$(SDKROOT)/Developer/Library/Frameworks",
					"$(inherited)",
				);
				GCC_PREPROCESSOR_DEFINITIONS = (
					"DEBUG=1",
					"$(inherited)",
				);
				INFOPLIST_FILE = PDFunTests/Info.plist;
				LD_RUNPATH_SEARCH_PATHS = "$(inherited) @executable_path/Frameworks @loader_path/Frameworks";
				PRODUCT_NAME = "$(TARGET_NAME)";
				TEST_HOST = "$(BUILT_PRODUCTS_DIR)/PDFun.app/PDFun";
			};
			name = Debug;
		};
		6DD1559119E2F777003A740C /* Release */ = {
			isa = XCBuildConfiguration;
			buildSettings = {
				BUNDLE_LOADER = "$(TEST_HOST)";
				FRAMEWORK_SEARCH_PATHS = (
					"$(SDKROOT)/Developer/Library/Frameworks",
					"$(inherited)",
				);
				INFOPLIST_FILE = PDFunTests/Info.plist;
				LD_RUNPATH_SEARCH_PATHS = "$(inherited) @executable_path/Frameworks @loader_path/Frameworks";
				PRODUCT_NAME = "$(TARGET_NAME)";
				TEST_HOST = "$(BUILT_PRODUCTS_DIR)/PDFun.app/PDFun";
			};
			name = Release;
		};
/* End XCBuildConfiguration section */

/* Begin XCConfigurationList section */
		6DD1556419E2F777003A740C /* Build configuration list for PBXProject "PDFun" */ = {
			isa = XCConfigurationList;
			buildConfigurations = (
				6DD1558A19E2F777003A740C /* Debug */,
				6DD1558B19E2F777003A740C /* Release */,
			);
			defaultConfigurationIsVisible = 0;
			defaultConfigurationName = Release;
		};
		6DD1558C19E2F777003A740C /* Build configuration list for PBXNativeTarget "PDFun" */ = {
			isa = XCConfigurationList;
			buildConfigurations = (
				6DD1558D19E2F777003A740C /* Debug */,
				6DD1558E19E2F777003A740C /* Release */,
			);
			defaultConfigurationIsVisible = 0;
			defaultConfigurationName = Release;
		};
		6DD1558F19E2F777003A740C /* Build configuration list for PBXNativeTarget "PDFunTests" */ = {
			isa = XCConfigurationList;
			buildConfigurations = (
				6DD1559019E2F777003A740C /* Debug */,
				6DD1559119E2F777003A740C /* Release */,
			);
			defaultConfigurationIsVisible = 0;
			defaultConfigurationName = Release;
		};
/* End XCConfigurationList section */
	};
	rootObject = 6DD1556119E2F777003A740C /* Project object */;
}
